// !$*UTF8*$!
{
	archiveVersion = 1;
	classes = {
	};
	objectVersion = 50;
	objects = {

/* Begin PBXBuildFile section */
		80723B8D222BF03400F24931 /* AppDelegate.swift in Sources */ = {isa = PBXBuildFile; fileRef = 80723B8C222BF03400F24931 /* AppDelegate.swift */; };
		80723B8F222BF03400F24931 /* TodoListViewController.swift in Sources */ = {isa = PBXBuildFile; fileRef = 80723B8E222BF03400F24931 /* TodoListViewController.swift */; };
		80723B92222BF03400F24931 /* Main.storyboard in Resources */ = {isa = PBXBuildFile; fileRef = 80723B90222BF03400F24931 /* Main.storyboard */; };
		80723B94222BF03500F24931 /* Assets.xcassets in Resources */ = {isa = PBXBuildFile; fileRef = 80723B93222BF03500F24931 /* Assets.xcassets */; };
		80723B97222BF03500F24931 /* LaunchScreen.storyboard in Resources */ = {isa = PBXBuildFile; fileRef = 80723B95222BF03500F24931 /* LaunchScreen.storyboard */; };
		80CDB544222D2755000288B3 /* DataModel.xcdatamodeld in Sources */ = {isa = PBXBuildFile; fileRef = 80CDB542222D2755000288B3 /* DataModel.xcdatamodeld */; };
		80EA8CD5222E42D6002E85B9 /* CategoryViewController.swift in Sources */ = {isa = PBXBuildFile; fileRef = 80EA8CD4222E42D6002E85B9 /* CategoryViewController.swift */; };
/* End PBXBuildFile section */

/* Begin PBXFileReference section */
		80723B89222BF03400F24931 /* MashToDo.app */ = {isa = PBXFileReference; explicitFileType = wrapper.application; includeInIndex = 0; path = MashToDo.app; sourceTree = BUILT_PRODUCTS_DIR; };
		80723B8C222BF03400F24931 /* AppDelegate.swift */ = {isa = PBXFileReference; lastKnownFileType = sourcecode.swift; path = AppDelegate.swift; sourceTree = "<group>"; };
		80723B8E222BF03400F24931 /* TodoListViewController.swift */ = {isa = PBXFileReference; lastKnownFileType = sourcecode.swift; path = TodoListViewController.swift; sourceTree = "<group>"; };
		80723B91222BF03400F24931 /* Base */ = {isa = PBXFileReference; lastKnownFileType = file.storyboard; name = Base; path = Base.lproj/Main.storyboard; sourceTree = "<group>"; };
		80723B93222BF03500F24931 /* Assets.xcassets */ = {isa = PBXFileReference; lastKnownFileType = folder.assetcatalog; path = Assets.xcassets; sourceTree = "<group>"; };
		80723B96222BF03500F24931 /* Base */ = {isa = PBXFileReference; lastKnownFileType = file.storyboard; name = Base; path = Base.lproj/LaunchScreen.storyboard; sourceTree = "<group>"; };
		80723B98222BF03500F24931 /* Info.plist */ = {isa = PBXFileReference; lastKnownFileType = text.plist.xml; path = Info.plist; sourceTree = "<group>"; };
		80CDB543222D2755000288B3 /* DataModel.xcdatamodel */ = {isa = PBXFileReference; lastKnownFileType = wrapper.xcdatamodel; path = DataModel.xcdatamodel; sourceTree = "<group>"; };
		80EA8CD4222E42D6002E85B9 /* CategoryViewController.swift */ = {isa = PBXFileReference; lastKnownFileType = sourcecode.swift; path = CategoryViewController.swift; sourceTree = "<group>"; };
/* End PBXFileReference section */

/* Begin PBXFrameworksBuildPhase section */
		80723B86222BF03400F24931 /* Frameworks */ = {
			isa = PBXFrameworksBuildPhase;
			buildActionMask = 2147483647;
			files = (
			);
			runOnlyForDeploymentPostprocessing = 0;
		};
/* End PBXFrameworksBuildPhase section */

/* Begin PBXGroup section */
		80723B80222BF03400F24931 = {
			isa = PBXGroup;
			children = (
				80723B8B222BF03400F24931 /* MashToDo */,
				80723B8A222BF03400F24931 /* Products */,
			);
			sourceTree = "<group>";
		};
		80723B8A222BF03400F24931 /* Products */ = {
			isa = PBXGroup;
			children = (
				80723B89222BF03400F24931 /* MashToDo.app */,
			);
			name = Products;
			sourceTree = "<group>";
		};
		80723B8B222BF03400F24931 /* MashToDo */ = {
			isa = PBXGroup;
			children = (
				80723B8C222BF03400F24931 /* AppDelegate.swift */,
				80CDB51F222CFF5B000288B3 /* Controllers */,
				80CDB51E222CFF4C000288B3 /* Views */,
				80CDB520222CFF7F000288B3 /* Supporting file */,
				80723B98222BF03500F24931 /* Info.plist */,
				80CDB51D222CFF29000288B3 /* Data Model */,
			);
			path = MashToDo;
			sourceTree = "<group>";
		};
		80CDB51D222CFF29000288B3 /* Data Model */ = {
			isa = PBXGroup;
			children = (
				80CDB542222D2755000288B3 /* DataModel.xcdatamodeld */,
			);
			path = "Data Model";
			sourceTree = "<group>";
		};
		80CDB51E222CFF4C000288B3 /* Views */ = {
			isa = PBXGroup;
			children = (
				80723B90222BF03400F24931 /* Main.storyboard */,
			);
			path = Views;
			sourceTree = "<group>";
		};
		80CDB51F222CFF5B000288B3 /* Controllers */ = {
			isa = PBXGroup;
			children = (
				80EA8CD4222E42D6002E85B9 /* CategoryViewController.swift */,
				80723B8E222BF03400F24931 /* TodoListViewController.swift */,
			);
			path = Controllers;
			sourceTree = "<group>";
		};
		80CDB520222CFF7F000288B3 /* Supporting file */ = {
			isa = PBXGroup;
			children = (
				80723B93222BF03500F24931 /* Assets.xcassets */,
				80723B95222BF03500F24931 /* LaunchScreen.storyboard */,
			);
			path = "Supporting file";
			sourceTree = "<group>";
		};
/* End PBXGroup section */

/* Begin PBXNativeTarget section */
		80723B88222BF03400F24931 /* MashToDo */ = {
			isa = PBXNativeTarget;
			buildConfigurationList = 80723B9B222BF03500F24931 /* Build configuration list for PBXNativeTarget "MashToDo" */;
			buildPhases = (
				80723B85222BF03400F24931 /* Sources */,
				80723B86222BF03400F24931 /* Frameworks */,
				80723B87222BF03400F24931 /* Resources */,
			);
			buildRules = (
			);
			dependencies = (
			);
			name = MashToDo;
			productName = MashToDo;
			productReference = 80723B89222BF03400F24931 /* MashToDo.app */;
			productType = "com.apple.product-type.application";
		};
/* End PBXNativeTarget section */

/* Begin PBXProject section */
		80723B81222BF03400F24931 /* Project object */ = {
			isa = PBXProject;
			attributes = {
				LastSwiftUpdateCheck = 1010;
				LastUpgradeCheck = 1010;
				ORGANIZATIONNAME = Mashud;
				TargetAttributes = {
					80723B88222BF03400F24931 = {
						CreatedOnToolsVersion = 10.1;
					};
				};
			};
			buildConfigurationList = 80723B84222BF03400F24931 /* Build configuration list for PBXProject "MashToDo" */;
			compatibilityVersion = "Xcode 9.3";
			developmentRegion = en;
			hasScannedForEncodings = 0;
			knownRegions = (
				en,
				Base,
			);
			mainGroup = 80723B80222BF03400F24931;
			productRefGroup = 80723B8A222BF03400F24931 /* Products */;
			projectDirPath = "";
			projectRoot = "";
			targets = (
				80723B88222BF03400F24931 /* MashToDo */,
			);
		};
/* End PBXProject section */

/* Begin PBXResourcesBuildPhase section */
		80723B87222BF03400F24931 /* Resources */ = {
			isa = PBXResourcesBuildPhase;
			buildActionMask = 2147483647;
			files = (
				80723B97222BF03500F24931 /* LaunchScreen.storyboard in Resources */,
				80723B94222BF03500F24931 /* Assets.xcassets in Resources */,
				80723B92222BF03400F24931 /* Main.storyboard in Resources */,
			);
			runOnlyForDeploymentPostprocessing = 0;
		};
/* End PBXResourcesBuildPhase section */

/* Begin PBXSourcesBuildPhase section */
		80723B85222BF03400F24931 /* Sources */ = {
			isa = PBXSourcesBuildPhase;
			buildActionMask = 2147483647;
			files = (
				80723B8F222BF03400F24931 /* TodoListViewController.swift in Sources */,
				80CDB544222D2755000288B3 /* DataModel.xcdatamodeld in Sources */,
				80723B8D222BF03400F24931 /* AppDelegate.swift in Sources */,
				80EA8CD5222E42D6002E85B9 /* CategoryViewController.swift in Sources */,
			);
			runOnlyForDeploymentPostprocessing = 0;
		};
/* End PBXSourcesBuildPhase section */

/* Begin PBXVariantGroup section */
		80723B90222BF03400F24931 /* Main.storyboard */ = {
			isa = PBXVariantGroup;
			children = (
				80723B91222BF03400F24931 /* Base */,
			);
			name = Main.storyboard;
			sourceTree = "<group>";
		};
		80723B95222BF03500F24931 /* LaunchScreen.storyboard */ = {
			isa = PBXVariantGroup;
			children = (
				80723B96222BF03500F24931 /* Base */,
			);
			name = LaunchScreen.storyboard;
			sourceTree = "<group>";
		};
/* End PBXVariantGroup section */

/* Begin XCBuildConfiguration section */
		80723B99222BF03500F24931 /* Debug */ = {
			isa = XCBuildConfiguration;
			buildSettings = {
				ALWAYS_SEARCH_USER_PATHS = NO;
				CLANG_ANALYZER_NONNULL = YES;
				CLANG_ANALYZER_NUMBER_OBJECT_CONVERSION = YES_AGGRESSIVE;
				CLANG_CXX_LANGUAGE_STANDARD = "gnu++14";
				CLANG_CXX_LIBRARY = "libc++";
				CLANG_ENABLE_MODULES = YES;
				CLANG_ENABLE_OBJC_ARC = YES;
				CLANG_ENABLE_OBJC_WEAK = YES;
				CLANG_WARN_BLOCK_CAPTURE_AUTORELEASING = YES;
				CLANG_WARN_BOOL_CONVERSION = YES;
				CLANG_WARN_COMMA = YES;
				CLANG_WARN_CONSTANT_CONVERSION = YES;
				CLANG_WARN_DEPRECATED_OBJC_IMPLEMENTATIONS = YES;
				CLANG_WARN_DIRECT_OBJC_ISA_USAGE = YES_ERROR;
				CLANG_WARN_DOCUMENTATION_COMMENTS = YES;
				CLANG_WARN_EMPTY_BODY = YES;
				CLANG_WARN_ENUM_CONVERSION = YES;
				CLANG_WARN_INFINITE_RECURSION = YES;
				CLANG_WARN_INT_CONVERSION = YES;
				CLANG_WARN_NON_LITERAL_NULL_CONVERSION = YES;
				CLANG_WARN_OBJC_IMPLICIT_RETAIN_SELF = YES;
				CLANG_WARN_OBJC_LITERAL_CONVERSION = YES;
				CLANG_WARN_OBJC_ROOT_CLASS = YES_ERROR;
				CLANG_WARN_RANGE_LOOP_ANALYSIS = YES;
				CLANG_WARN_STRICT_PROTOTYPES = YES;
				CLANG_WARN_SUSPICIOUS_MOVE = YES;
				CLANG_WARN_UNGUARDED_AVAILABILITY = YES_AGGRESSIVE;
				CLANG_WARN_UNREACHABLE_CODE = YES;
				CLANG_WARN__DUPLICATE_METHOD_MATCH = YES;
				CODE_SIGN_IDENTITY = "iPhone Developer";
				COPY_PHASE_STRIP = NO;
				DEBUG_INFORMATION_FORMAT = dwarf;
				ENABLE_STRICT_OBJC_MSGSEND = YES;
				ENABLE_TESTABILITY = YES;
				GCC_C_LANGUAGE_STANDARD = gnu11;
				GCC_DYNAMIC_NO_PIC = NO;
				GCC_NO_COMMON_BLOCKS = YES;
				GCC_OPTIMIZATION_LEVEL = 0;
				GCC_PREPROCESSOR_DEFINITIONS = (
					"DEBUG=1",
					"$(inherited)",
				);
				GCC_WARN_64_TO_32_BIT_CONVERSION = YES;
				GCC_WARN_ABOUT_RETURN_TYPE = YES_ERROR;
				GCC_WARN_UNDECLARED_SELECTOR = YES;
				GCC_WARN_UNINITIALIZED_AUTOS = YES_AGGRESSIVE;
				GCC_WARN_UNUSED_FUNCTION = YES;
				GCC_WARN_UNUSED_VARIABLE = YES;
				IPHONEOS_DEPLOYMENT_TARGET = 12.1;
				MTL_ENABLE_DEBUG_INFO = INCLUDE_SOURCE;
				MTL_FAST_MATH = YES;
				ONLY_ACTIVE_ARCH = YES;
				SDKROOT = iphoneos;
				SWIFT_ACTIVE_COMPILATION_CONDITIONS = DEBUG;
				SWIFT_OPTIMIZATION_LEVEL = "-Onone";
			};
			name = Debug;
		};
		80723B9A222BF03500F24931 /* Release */ = {
			isa = XCBuildConfiguration;
			buildSettings = {
				ALWAYS_SEARCH_USER_PATHS = NO;
				CLANG_ANALYZER_NONNULL = YES;
				CLANG_ANALYZER_NUMBER_OBJECT_CONVERSION = YES_AGGRESSIVE;
				CLANG_CXX_LANGUAGE_STANDARD = "gnu++14";
				CLANG_CXX_LIBRARY = "libc++";
				CLANG_ENABLE_MODULES = YES;
				CLANG_ENABLE_OBJC_ARC = YES;
				CLANG_ENABLE_OBJC_WEAK = YES;
				CLANG_WARN_BLOCK_CAPTURE_AUTORELEASING = YES;
				CLANG_WARN_BOOL_CONVERSION = YES;
				CLANG_WARN_COMMA = YES;
				CLANG_WARN_CONSTANT_CONVERSION = YES;
				CLANG_WARN_DEPRECATED_OBJC_IMPLEMENTATIONS = YES;
				CLANG_WARN_DIRECT_OBJC_ISA_USAGE = YES_ERROR;
				CLANG_WARN_DOCUMENTATION_COMMENTS = YES;
				CLANG_WARN_EMPTY_BODY = YES;
				CLANG_WARN_ENUM_CONVERSION = YES;
				CLANG_WARN_INFINITE_RECURSION = YES;
				CLANG_WARN_INT_CONVERSION = YES;
				CLANG_WARN_NON_LITERAL_NULL_CONVERSION = YES;
				CLANG_WARN_OBJC_IMPLICIT_RETAIN_SELF = YES;
				CLANG_WARN_OBJC_LITERAL_CONVERSION = YES;
				CLANG_WARN_OBJC_ROOT_CLASS = YES_ERROR;
				CLANG_WARN_RANGE_LOOP_ANALYSIS = YES;
				CLANG_WARN_STRICT_PROTOTYPES = YES;
				CLANG_WARN_SUSPICIOUS_MOVE = YES;
				CLANG_WARN_UNGUARDED_AVAILABILITY = YES_AGGRESSIVE;
				CLANG_WARN_UNREACHABLE_CODE = YES;
				CLANG_WARN__DUPLICATE_METHOD_MATCH = YES;
				CODE_SIGN_IDENTITY = "iPhone Developer";
				COPY_PHASE_STRIP = NO;
				DEBUG_INFORMATION_FORMAT = "dwarf-with-dsym";
				ENABLE_NS_ASSERTIONS = NO;
				ENABLE_STRICT_OBJC_MSGSEND = YES;
				GCC_C_LANGUAGE_STANDARD = gnu11;
				GCC_NO_COMMON_BLOCKS = YES;
				GCC_WARN_64_TO_32_BIT_CONVERSION = YES;
				GCC_WARN_ABOUT_RETURN_TYPE = YES_ERROR;
				GCC_WARN_UNDECLARED_SELECTOR = YES;
				GCC_WARN_UNINITIALIZED_AUTOS = YES_AGGRESSIVE;
				GCC_WARN_UNUSED_FUNCTION = YES;
				GCC_WARN_UNUSED_VARIABLE = YES;
				IPHONEOS_DEPLOYMENT_TARGET = 12.1;
				MTL_ENABLE_DEBUG_INFO = NO;
				MTL_FAST_MATH = YES;
				SDKROOT = iphoneos;
				SWIFT_COMPILATION_MODE = wholemodule;
				SWIFT_OPTIMIZATION_LEVEL = "-O";
				VALIDATE_PRODUCT = YES;
			};
			name = Release;
		};
		80723B9C222BF03500F24931 /* Debug */ = {
			isa = XCBuildConfiguration;
			buildSettings = {
				ASSETCATALOG_COMPILER_APPICON_NAME = AppIcon;
				CODE_SIGN_STYLE = Automatic;
				DEVELOPMENT_TEAM = FZGJD4873G;
				INFOPLIST_FILE = MashToDo/Info.plist;
				LD_RUNPATH_SEARCH_PATHS = (
					"$(inherited)",
					"@executable_path/Frameworks",
				);
				PRODUCT_BUNDLE_IDENTIFIER = "mash-ud.MashToDo";
				PRODUCT_NAME = "$(TARGET_NAME)";
				SWIFT_VERSION = 4.2;
				TARGETED_DEVICE_FAMILY = "1,2";
			};
			name = Debug;
		};
		80723B9D222BF03500F24931 /* Release */ = {
			isa = XCBuildConfiguration;
			buildSettings = {
				ASSETCATALOG_COMPILER_APPICON_NAME = AppIcon;
				CODE_SIGN_STYLE = Automatic;
				DEVELOPMENT_TEAM = FZGJD4873G;
				INFOPLIST_FILE = MashToDo/Info.plist;
				LD_RUNPATH_SEARCH_PATHS = (
					"$(inherited)",
					"@executable_path/Frameworks",
				);
				PRODUCT_BUNDLE_IDENTIFIER = "mash-ud.MashToDo";
				PRODUCT_NAME = "$(TARGET_NAME)";
				SWIFT_VERSION = 4.2;
				TARGETED_DEVICE_FAMILY = "1,2";
			};
			name = Release;
		};
/* End XCBuildConfiguration section */

/* Begin XCConfigurationList section */
		80723B84222BF03400F24931 /* Build configuration list for PBXProject "MashToDo" */ = {
			isa = XCConfigurationList;
			buildConfigurations = (
				80723B99222BF03500F24931 /* Debug */,
				80723B9A222BF03500F24931 /* Release */,
			);
			defaultConfigurationIsVisible = 0;
			defaultConfigurationName = Release;
		};
		80723B9B222BF03500F24931 /* Build configuration list for PBXNativeTarget "MashToDo" */ = {
			isa = XCConfigurationList;
			buildConfigurations = (
				80723B9C222BF03500F24931 /* Debug */,
				80723B9D222BF03500F24931 /* Release */,
			);
			defaultConfigurationIsVisible = 0;
			defaultConfigurationName = Release;
		};
/* End XCConfigurationList section */

/* Begin XCVersionGroup section */
		80CDB542222D2755000288B3 /* DataModel.xcdatamodeld */ = {
			isa = XCVersionGroup;
			children = (
				80CDB543222D2755000288B3 /* DataModel.xcdatamodel */,
			);
			currentVersion = 80CDB543222D2755000288B3 /* DataModel.xcdatamodel */;
			path = DataModel.xcdatamodeld;
			sourceTree = "<group>";
			versionGroupType = wrapper.xcdatamodel;
		};
/* End XCVersionGroup section */
	};
	rootObject = 80723B81222BF03400F24931 /* Project object */;
}
